// !$*UTF8*$!
{
	archiveVersion = 1;
	classes = {
	};
	objectVersion = 55;
	objects = {

/* Begin PBXBuildFile section */
		DD11F4AE27DA87190025A8F4 /* CellView.swift in Sources */ = {isa = PBXBuildFile; fileRef = DD11F4AD27DA87190025A8F4 /* CellView.swift */; };
		DD11F4EE27E356D70025A8F4 /* ImageView.swift in Sources */ = {isa = PBXBuildFile; fileRef = DD11F4ED27E356D70025A8F4 /* ImageView.swift */; };
		DD2A6EA127D33EB7007AA8AC /* AppDelegate.swift in Sources */ = {isa = PBXBuildFile; fileRef = DD2A6EA027D33EB7007AA8AC /* AppDelegate.swift */; };
		DD2A6EA327D33EB7007AA8AC /* SceneDelegate.swift in Sources */ = {isa = PBXBuildFile; fileRef = DD2A6EA227D33EB7007AA8AC /* SceneDelegate.swift */; };
		DD2A6EA827D33EB7007AA8AC /* Main.storyboard in Resources */ = {isa = PBXBuildFile; fileRef = DD2A6EA627D33EB7007AA8AC /* Main.storyboard */; };
		DD2A6EAA27D33EB8007AA8AC /* Assets.xcassets in Resources */ = {isa = PBXBuildFile; fileRef = DD2A6EA927D33EB8007AA8AC /* Assets.xcassets */; };
		DD2A6EAD27D33EB8007AA8AC /* LaunchScreen.storyboard in Resources */ = {isa = PBXBuildFile; fileRef = DD2A6EAB27D33EB8007AA8AC /* LaunchScreen.storyboard */; };
		DD2A6EBC27D3444C007AA8AC /* MainViewController.swift in Sources */ = {isa = PBXBuildFile; fileRef = DD2A6EBB27D3444C007AA8AC /* MainViewController.swift */; };
		DD2A6EBE27D34AAD007AA8AC /* UserActionCell.swift in Sources */ = {isa = PBXBuildFile; fileRef = DD2A6EBD27D34AAD007AA8AC /* UserActionCell.swift */; };
		DD2A6EC127D34B32007AA8AC /* CharactersViewController.swift in Sources */ = {isa = PBXBuildFile; fileRef = DD2A6EC027D34B32007AA8AC /* CharactersViewController.swift */; };
		DD2A6EC327D34EE9007AA8AC /* CharacterCell.swift in Sources */ = {isa = PBXBuildFile; fileRef = DD2A6EC227D34EE9007AA8AC /* CharacterCell.swift */; };
		DD2A6EC527D35292007AA8AC /* Model.swift in Sources */ = {isa = PBXBuildFile; fileRef = DD2A6EC427D35292007AA8AC /* Model.swift */; };
		DD2A6EC927D36EEB007AA8AC /* Image.swift in Sources */ = {isa = PBXBuildFile; fileRef = DD2A6EC827D36EEB007AA8AC /* Image.swift */; };
		DDBAF56927E72F2800106A3D /* Extention all charactrers RAM.swift in Sources */ = {isa = PBXBuildFile; fileRef = DDBAF56827E72F2800106A3D /* Extention all charactrers RAM.swift */; };
/* End PBXBuildFile section */

/* Begin PBXFileReference section */
		DD11F4AD27DA87190025A8F4 /* CellView.swift */ = {isa = PBXFileReference; lastKnownFileType = sourcecode.swift; path = CellView.swift; sourceTree = "<group>"; };
		DD11F4ED27E356D70025A8F4 /* ImageView.swift */ = {isa = PBXFileReference; lastKnownFileType = sourcecode.swift; path = ImageView.swift; sourceTree = "<group>"; };
		DD2A6E9D27D33EB7007AA8AC /* СartoonCharacters.app */ = {isa = PBXFileReference; explicitFileType = wrapper.application; includeInIndex = 0; path = "СartoonCharacters.app"; sourceTree = BUILT_PRODUCTS_DIR; };
		DD2A6EA027D33EB7007AA8AC /* AppDelegate.swift */ = {isa = PBXFileReference; lastKnownFileType = sourcecode.swift; path = AppDelegate.swift; sourceTree = "<group>"; };
		DD2A6EA227D33EB7007AA8AC /* SceneDelegate.swift */ = {isa = PBXFileReference; lastKnownFileType = sourcecode.swift; path = SceneDelegate.swift; sourceTree = "<group>"; };
		DD2A6EA727D33EB7007AA8AC /* Base */ = {isa = PBXFileReference; lastKnownFileType = file.storyboard; name = Base; path = Base.lproj/Main.storyboard; sourceTree = "<group>"; };
		DD2A6EA927D33EB8007AA8AC /* Assets.xcassets */ = {isa = PBXFileReference; lastKnownFileType = folder.assetcatalog; path = Assets.xcassets; sourceTree = "<group>"; };
		DD2A6EAC27D33EB8007AA8AC /* Base */ = {isa = PBXFileReference; lastKnownFileType = file.storyboard; name = Base; path = Base.lproj/LaunchScreen.storyboard; sourceTree = "<group>"; };
		DD2A6EAE27D33EB8007AA8AC /* Info.plist */ = {isa = PBXFileReference; lastKnownFileType = text.plist.xml; path = Info.plist; sourceTree = "<group>"; };
		DD2A6EBB27D3444C007AA8AC /* MainViewController.swift */ = {isa = PBXFileReference; lastKnownFileType = sourcecode.swift; path = MainViewController.swift; sourceTree = "<group>"; };
		DD2A6EBD27D34AAD007AA8AC /* UserActionCell.swift */ = {isa = PBXFileReference; lastKnownFileType = sourcecode.swift; path = UserActionCell.swift; sourceTree = "<group>"; };
		DD2A6EC027D34B32007AA8AC /* CharactersViewController.swift */ = {isa = PBXFileReference; lastKnownFileType = sourcecode.swift; path = CharactersViewController.swift; sourceTree = "<group>"; };
		DD2A6EC227D34EE9007AA8AC /* CharacterCell.swift */ = {isa = PBXFileReference; lastKnownFileType = sourcecode.swift; path = CharacterCell.swift; sourceTree = "<group>"; };
		DD2A6EC427D35292007AA8AC /* Model.swift */ = {isa = PBXFileReference; lastKnownFileType = sourcecode.swift; path = Model.swift; sourceTree = "<group>"; };
		DD2A6EC827D36EEB007AA8AC /* Image.swift */ = {isa = PBXFileReference; lastKnownFileType = sourcecode.swift; path = Image.swift; sourceTree = "<group>"; };
		DDBAF56827E72F2800106A3D /* Extention all charactrers RAM.swift */ = {isa = PBXFileReference; lastKnownFileType = sourcecode.swift; path = "Extention all charactrers RAM.swift"; sourceTree = "<group>"; };
/* End PBXFileReference section */

/* Begin PBXFrameworksBuildPhase section */
		DD2A6E9A27D33EB7007AA8AC /* Frameworks */ = {
			isa = PBXFrameworksBuildPhase;
			buildActionMask = 2147483647;
			files = (
			);
			runOnlyForDeploymentPostprocessing = 0;
		};
/* End PBXFrameworksBuildPhase section */

/* Begin PBXGroup section */
		DD2A6E9427D33EB7007AA8AC = {
			isa = PBXGroup;
			children = (
				DD2A6E9F27D33EB7007AA8AC /* СartoonCharacters */,
				DD2A6E9E27D33EB7007AA8AC /* Products */,
			);
			sourceTree = "<group>";
		};
		DD2A6E9E27D33EB7007AA8AC /* Products */ = {
			isa = PBXGroup;
			children = (
				DD2A6E9D27D33EB7007AA8AC /* СartoonCharacters.app */,
			);
			name = Products;
			sourceTree = "<group>";
		};
		DD2A6E9F27D33EB7007AA8AC /* СartoonCharacters */ = {
			isa = PBXGroup;
			children = (
				DD2A6EA027D33EB7007AA8AC /* AppDelegate.swift */,
				DD2A6EA227D33EB7007AA8AC /* SceneDelegate.swift */,
				DD2A6EA927D33EB8007AA8AC /* Assets.xcassets */,
				DD2A6EAE27D33EB8007AA8AC /* Info.plist */,
				DD2A6EB627D3420E007AA8AC /* Model */,
				DD2A6EB527D34201007AA8AC /* View Controller */,
				DD2A6EB427D341F0007AA8AC /* Storyboard */,
				DD2A6EB727D34220007AA8AC /* Helper */,
			);
			path = "СartoonCharacters";
			sourceTree = "<group>";
		};
		DD2A6EB427D341F0007AA8AC /* Storyboard */ = {
			isa = PBXGroup;
			children = (
				DD2A6EA627D33EB7007AA8AC /* Main.storyboard */,
				DD2A6EAB27D33EB8007AA8AC /* LaunchScreen.storyboard */,
			);
			path = Storyboard;
			sourceTree = "<group>";
		};
		DD2A6EB527D34201007AA8AC /* View Controller */ = {
			isa = PBXGroup;
			children = (
				DD2A6EB827D342A2007AA8AC /* 1 VC */,
				DD2A6EB927D342A8007AA8AC /* 2 VC */,
			);
			path = "View Controller";
			sourceTree = "<group>";
		};
		DD2A6EB627D3420E007AA8AC /* Model */ = {
			isa = PBXGroup;
			children = (
				DD2A6EC427D35292007AA8AC /* Model.swift */,
				DD2A6EC827D36EEB007AA8AC /* Image.swift */,
			);
			path = Model;
			sourceTree = "<group>";
		};
		DD2A6EB727D34220007AA8AC /* Helper */ = {
			isa = PBXGroup;
			children = (
			);
			path = Helper;
			sourceTree = "<group>";
		};
		DD2A6EB827D342A2007AA8AC /* 1 VC */ = {
			isa = PBXGroup;
			children = (
				DD2A6EBB27D3444C007AA8AC /* MainViewController.swift */,
				DD2A6EBD27D34AAD007AA8AC /* UserActionCell.swift */,
				DD11F4AD27DA87190025A8F4 /* CellView.swift */,
			);
			path = "1 VC";
			sourceTree = "<group>";
		};
		DD2A6EB927D342A8007AA8AC /* 2 VC */ = {
			isa = PBXGroup;
			children = (
				DD2A6EC027D34B32007AA8AC /* CharactersViewController.swift */,
				DD2A6EC227D34EE9007AA8AC /* CharacterCell.swift */,
				DD11F4ED27E356D70025A8F4 /* ImageView.swift */,
				DDBAF56827E72F2800106A3D /* Extention all charactrers RAM.swift */,
			);
			path = "2 VC";
			sourceTree = "<group>";
		};
/* End PBXGroup section */

/* Begin PBXNativeTarget section */
		DD2A6E9C27D33EB7007AA8AC /* СartoonCharacters */ = {
			isa = PBXNativeTarget;
			buildConfigurationList = DD2A6EB127D33EB8007AA8AC /* Build configuration list for PBXNativeTarget "СartoonCharacters" */;
			buildPhases = (
				DD2A6E9927D33EB7007AA8AC /* Sources */,
				DD2A6E9A27D33EB7007AA8AC /* Frameworks */,
				DD2A6E9B27D33EB7007AA8AC /* Resources */,
			);
			buildRules = (
			);
			dependencies = (
			);
			name = "СartoonCharacters";
			productName = "СartoonCharacters";
			productReference = DD2A6E9D27D33EB7007AA8AC /* СartoonCharacters.app */;
			productType = "com.apple.product-type.application";
		};
/* End PBXNativeTarget section */

/* Begin PBXProject section */
		DD2A6E9527D33EB7007AA8AC /* Project object */ = {
			isa = PBXProject;
			attributes = {
				BuildIndependentTargetsInParallel = 1;
				LastSwiftUpdateCheck = 1320;
				LastUpgradeCheck = 1320;
				TargetAttributes = {
					DD2A6E9C27D33EB7007AA8AC = {
						CreatedOnToolsVersion = 13.2.1;
					};
				};
			};
			buildConfigurationList = DD2A6E9827D33EB7007AA8AC /* Build configuration list for PBXProject "СartoonCharacters" */;
			compatibilityVersion = "Xcode 13.0";
			developmentRegion = en;
			hasScannedForEncodings = 0;
			knownRegions = (
				en,
				Base,
			);
			mainGroup = DD2A6E9427D33EB7007AA8AC;
			productRefGroup = DD2A6E9E27D33EB7007AA8AC /* Products */;
			projectDirPath = "";
			projectRoot = "";
			targets = (
				DD2A6E9C27D33EB7007AA8AC /* СartoonCharacters */,
			);
		};
/* End PBXProject section */

/* Begin PBXResourcesBuildPhase section */
		DD2A6E9B27D33EB7007AA8AC /* Resources */ = {
			isa = PBXResourcesBuildPhase;
			buildActionMask = 2147483647;
			files = (
				DD2A6EAD27D33EB8007AA8AC /* LaunchScreen.storyboard in Resources */,
				DD2A6EAA27D33EB8007AA8AC /* Assets.xcassets in Resources */,
				DD2A6EA827D33EB7007AA8AC /* Main.storyboard in Resources */,
			);
			runOnlyForDeploymentPostprocessing = 0;
		};
/* End PBXResourcesBuildPhase section */

/* Begin PBXSourcesBuildPhase section */
		DD2A6E9927D33EB7007AA8AC /* Sources */ = {
			isa = PBXSourcesBuildPhase;
			buildActionMask = 2147483647;
			files = (
				DD11F4EE27E356D70025A8F4 /* ImageView.swift in Sources */,
				DD2A6EA127D33EB7007AA8AC /* AppDelegate.swift in Sources */,
				DD2A6EBE27D34AAD007AA8AC /* UserActionCell.swift in Sources */,
				DD2A6EC527D35292007AA8AC /* Model.swift in Sources */,
				DDBAF56927E72F2800106A3D /* Extention all charactrers RAM.swift in Sources */,
				DD2A6EA327D33EB7007AA8AC /* SceneDelegate.swift in Sources */,
				DD2A6EC327D34EE9007AA8AC /* CharacterCell.swift in Sources */,
				DD2A6EC927D36EEB007AA8AC /* Image.swift in Sources */,
				DD2A6EC127D34B32007AA8AC /* CharactersViewController.swift in Sources */,
				DD2A6EBC27D3444C007AA8AC /* MainViewController.swift in Sources */,
				DD11F4AE27DA87190025A8F4 /* CellView.swift in Sources */,
			);
			runOnlyForDeploymentPostprocessing = 0;
		};
/* End PBXSourcesBuildPhase section */

/* Begin PBXVariantGroup section */
		DD2A6EA627D33EB7007AA8AC /* Main.storyboard */ = {
			isa = PBXVariantGroup;
			children = (
				DD2A6EA727D33EB7007AA8AC /* Base */,
			);
			name = Main.storyboard;
			sourceTree = "<group>";
		};
		DD2A6EAB27D33EB8007AA8AC /* LaunchScreen.storyboard */ = {
			isa = PBXVariantGroup;
			children = (
				DD2A6EAC27D33EB8007AA8AC /* Base */,
			);
			name = LaunchScreen.storyboard;
			sourceTree = "<group>";
		};
/* End PBXVariantGroup section */

/* Begin XCBuildConfiguration section */
		DD2A6EAF27D33EB8007AA8AC /* Debug */ = {
			isa = XCBuildConfiguration;
			buildSettings = {
				ALWAYS_SEARCH_USER_PATHS = NO;
				CLANG_ANALYZER_NONNULL = YES;
				CLANG_ANALYZER_NUMBER_OBJECT_CONVERSION = YES_AGGRESSIVE;
				CLANG_CXX_LANGUAGE_STANDARD = "gnu++17";
				CLANG_CXX_LIBRARY = "libc++";
				CLANG_ENABLE_MODULES = YES;
				CLANG_ENABLE_OBJC_ARC = YES;
				CLANG_ENABLE_OBJC_WEAK = YES;
				CLANG_WARN_BLOCK_CAPTURE_AUTORELEASING = YES;
				CLANG_WARN_BOOL_CONVERSION = YES;
				CLANG_WARN_COMMA = YES;
				CLANG_WARN_CONSTANT_CONVERSION = YES;
				CLANG_WARN_DEPRECATED_OBJC_IMPLEMENTATIONS = YES;
				CLANG_WARN_DIRECT_OBJC_ISA_USAGE = YES_ERROR;
				CLANG_WARN_DOCUMENTATION_COMMENTS = YES;
				CLANG_WARN_EMPTY_BODY = YES;
				CLANG_WARN_ENUM_CONVERSION = YES;
				CLANG_WARN_INFINITE_RECURSION = YES;
				CLANG_WARN_INT_CONVERSION = YES;
				CLANG_WARN_NON_LITERAL_NULL_CONVERSION = YES;
				CLANG_WARN_OBJC_IMPLICIT_RETAIN_SELF = YES;
				CLANG_WARN_OBJC_LITERAL_CONVERSION = YES;
				CLANG_WARN_OBJC_ROOT_CLASS = YES_ERROR;
				CLANG_WARN_QUOTED_INCLUDE_IN_FRAMEWORK_HEADER = YES;
				CLANG_WARN_RANGE_LOOP_ANALYSIS = YES;
				CLANG_WARN_STRICT_PROTOTYPES = YES;
				CLANG_WARN_SUSPICIOUS_MOVE = YES;
				CLANG_WARN_UNGUARDED_AVAILABILITY = YES_AGGRESSIVE;
				CLANG_WARN_UNREACHABLE_CODE = YES;
				CLANG_WARN__DUPLICATE_METHOD_MATCH = YES;
				COPY_PHASE_STRIP = NO;
				DEBUG_INFORMATION_FORMAT = dwarf;
				ENABLE_STRICT_OBJC_MSGSEND = YES;
				ENABLE_TESTABILITY = YES;
				GCC_C_LANGUAGE_STANDARD = gnu11;
				GCC_DYNAMIC_NO_PIC = NO;
				GCC_NO_COMMON_BLOCKS = YES;
				GCC_OPTIMIZATION_LEVEL = 0;
				GCC_PREPROCESSOR_DEFINITIONS = (
					"DEBUG=1",
					"$(inherited)",
				);
				GCC_WARN_64_TO_32_BIT_CONVERSION = YES;
				GCC_WARN_ABOUT_RETURN_TYPE = YES_ERROR;
				GCC_WARN_UNDECLARED_SELECTOR = YES;
				GCC_WARN_UNINITIALIZED_AUTOS = YES_AGGRESSIVE;
				GCC_WARN_UNUSED_FUNCTION = YES;
				GCC_WARN_UNUSED_VARIABLE = YES;
				IPHONEOS_DEPLOYMENT_TARGET = 15.2;
				MTL_ENABLE_DEBUG_INFO = INCLUDE_SOURCE;
				MTL_FAST_MATH = YES;
				ONLY_ACTIVE_ARCH = YES;
				SDKROOT = iphoneos;
				SWIFT_ACTIVE_COMPILATION_CONDITIONS = DEBUG;
				SWIFT_OPTIMIZATION_LEVEL = "-Onone";
			};
			name = Debug;
		};
		DD2A6EB027D33EB8007AA8AC /* Release */ = {
			isa = XCBuildConfiguration;
			buildSettings = {
				ALWAYS_SEARCH_USER_PATHS = NO;
				CLANG_ANALYZER_NONNULL = YES;
				CLANG_ANALYZER_NUMBER_OBJECT_CONVERSION = YES_AGGRESSIVE;
				CLANG_CXX_LANGUAGE_STANDARD = "gnu++17";
				CLANG_CXX_LIBRARY = "libc++";
				CLANG_ENABLE_MODULES = YES;
				CLANG_ENABLE_OBJC_ARC = YES;
				CLANG_ENABLE_OBJC_WEAK = YES;
				CLANG_WARN_BLOCK_CAPTURE_AUTORELEASING = YES;
				CLANG_WARN_BOOL_CONVERSION = YES;
				CLANG_WARN_COMMA = YES;
				CLANG_WARN_CONSTANT_CONVERSION = YES;
				CLANG_WARN_DEPRECATED_OBJC_IMPLEMENTATIONS = YES;
				CLANG_WARN_DIRECT_OBJC_ISA_USAGE = YES_ERROR;
				CLANG_WARN_DOCUMENTATION_COMMENTS = YES;
				CLANG_WARN_EMPTY_BODY = YES;
				CLANG_WARN_ENUM_CONVERSION = YES;
				CLANG_WARN_INFINITE_RECURSION = YES;
				CLANG_WARN_INT_CONVERSION = YES;
				CLANG_WARN_NON_LITERAL_NULL_CONVERSION = YES;
				CLANG_WARN_OBJC_IMPLICIT_RETAIN_SELF = YES;
				CLANG_WARN_OBJC_LITERAL_CONVERSION = YES;
				CLANG_WARN_OBJC_ROOT_CLASS = YES_ERROR;
				CLANG_WARN_QUOTED_INCLUDE_IN_FRAMEWORK_HEADER = YES;
				CLANG_WARN_RANGE_LOOP_ANALYSIS = YES;
				CLANG_WARN_STRICT_PROTOTYPES = YES;
				CLANG_WARN_SUSPICIOUS_MOVE = YES;
				CLANG_WARN_UNGUARDED_AVAILABILITY = YES_AGGRESSIVE;
				CLANG_WARN_UNREACHABLE_CODE = YES;
				CLANG_WARN__DUPLICATE_METHOD_MATCH = YES;
				COPY_PHASE_STRIP = NO;
				DEBUG_INFORMATION_FORMAT = "dwarf-with-dsym";
				ENABLE_NS_ASSERTIONS = NO;
				ENABLE_STRICT_OBJC_MSGSEND = YES;
				GCC_C_LANGUAGE_STANDARD = gnu11;
				GCC_NO_COMMON_BLOCKS = YES;
				GCC_WARN_64_TO_32_BIT_CONVERSION = YES;
				GCC_WARN_ABOUT_RETURN_TYPE = YES_ERROR;
				GCC_WARN_UNDECLARED_SELECTOR = YES;
				GCC_WARN_UNINITIALIZED_AUTOS = YES_AGGRESSIVE;
				GCC_WARN_UNUSED_FUNCTION = YES;
				GCC_WARN_UNUSED_VARIABLE = YES;
				IPHONEOS_DEPLOYMENT_TARGET = 15.2;
				MTL_ENABLE_DEBUG_INFO = NO;
				MTL_FAST_MATH = YES;
				SDKROOT = iphoneos;
				SWIFT_COMPILATION_MODE = wholemodule;
				SWIFT_OPTIMIZATION_LEVEL = "-O";
				VALIDATE_PRODUCT = YES;
			};
			name = Release;
		};
		DD2A6EB227D33EB8007AA8AC /* Debug */ = {
			isa = XCBuildConfiguration;
			buildSettings = {
				ASSETCATALOG_COMPILER_APPICON_NAME = AppIcon;
				ASSETCATALOG_COMPILER_GLOBAL_ACCENT_COLOR_NAME = AccentColor;
				CODE_SIGN_STYLE = Automatic;
				CURRENT_PROJECT_VERSION = 1;
				DEVELOPMENT_TEAM = BN87K5QK52;
				GENERATE_INFOPLIST_FILE = YES;
				INFOPLIST_FILE = "СartoonCharacters/Info.plist";
				INFOPLIST_KEY_UIApplicationSupportsIndirectInputEvents = YES;
				INFOPLIST_KEY_UILaunchStoryboardName = LaunchScreen;
				INFOPLIST_KEY_UIMainStoryboardFile = Main;
				INFOPLIST_KEY_UISupportedInterfaceOrientations_iPad = "UIInterfaceOrientationPortrait UIInterfaceOrientationPortraitUpsideDown UIInterfaceOrientationLandscapeLeft UIInterfaceOrientationLandscapeRight";
				INFOPLIST_KEY_UISupportedInterfaceOrientations_iPhone = "UIInterfaceOrientationPortrait UIInterfaceOrientationLandscapeLeft UIInterfaceOrientationLandscapeRight";
				LD_RUNPATH_SEARCH_PATHS = (
					"$(inherited)",
					"@executable_path/Frameworks",
				);
				MARKETING_VERSION = 1.0;
				PRODUCT_BUNDLE_IDENTIFIER = "HG.-artoonCharacters";
				PRODUCT_NAME = "$(TARGET_NAME)";
				SWIFT_EMIT_LOC_STRINGS = YES;
				SWIFT_VERSION = 5.0;
				TARGETED_DEVICE_FAMILY = "1,2";
			};
			name = Debug;
		};
		DD2A6EB327D33EB8007AA8AC /* Release */ = {
			isa = XCBuildConfiguration;
			buildSettings = {
				ASSETCATALOG_COMPILER_APPICON_NAME = AppIcon;
				ASSETCATALOG_COMPILER_GLOBAL_ACCENT_COLOR_NAME = AccentColor;
				CODE_SIGN_STYLE = Automatic;
				CURRENT_PROJECT_VERSION = 1;
				DEVELOPMENT_TEAM = BN87K5QK52;
				GENERATE_INFOPLIST_FILE = YES;
				INFOPLIST_FILE = "СartoonCharacters/Info.plist";
				INFOPLIST_KEY_UIApplicationSupportsIndirectInputEvents = YES;
				INFOPLIST_KEY_UILaunchStoryboardName = LaunchScreen;
				INFOPLIST_KEY_UIMainStoryboardFile = Main;
				INFOPLIST_KEY_UISupportedInterfaceOrientations_iPad = "UIInterfaceOrientationPortrait UIInterfaceOrientationPortraitUpsideDown UIInterfaceOrientationLandscapeLeft UIInterfaceOrientationLandscapeRight";
				INFOPLIST_KEY_UISupportedInterfaceOrientations_iPhone = "UIInterfaceOrientationPortrait UIInterfaceOrientationLandscapeLeft UIInterfaceOrientationLandscapeRight";
				LD_RUNPATH_SEARCH_PATHS = (
					"$(inherited)",
					"@executable_path/Frameworks",
				);
				MARKETING_VERSION = 1.0;
				PRODUCT_BUNDLE_IDENTIFIER = "HG.-artoonCharacters";
				PRODUCT_NAME = "$(TARGET_NAME)";
				SWIFT_EMIT_LOC_STRINGS = YES;
				SWIFT_VERSION = 5.0;
				TARGETED_DEVICE_FAMILY = "1,2";
			};
			name = Release;
		};
/* End XCBuildConfiguration section */

/* Begin XCConfigurationList section */
		DD2A6E9827D33EB7007AA8AC /* Build configuration list for PBXProject "СartoonCharacters" */ = {
			isa = XCConfigurationList;
			buildConfigurations = (
				DD2A6EAF27D33EB8007AA8AC /* Debug */,
				DD2A6EB027D33EB8007AA8AC /* Release */,
			);
			defaultConfigurationIsVisible = 0;
			defaultConfigurationName = Release;
		};
		DD2A6EB127D33EB8007AA8AC /* Build configuration list for PBXNativeTarget "СartoonCharacters" */ = {
			isa = XCConfigurationList;
			buildConfigurations = (
				DD2A6EB227D33EB8007AA8AC /* Debug */,
				DD2A6EB327D33EB8007AA8AC /* Release */,
			);
			defaultConfigurationIsVisible = 0;
			defaultConfigurationName = Release;
		};
/* End XCConfigurationList section */
	};
	rootObject = DD2A6E9527D33EB7007AA8AC /* Project object */;
}
